PODS:
  - DACircularProgress (2.2.0)
  - FMDB (2.3):
    - FMDB/standard
  - FMDB/common (2.3)
  - FMDB/standard (2.3):
    - FMDB/common
  - MBProgressHUD (0.9)
  - MKNetworkKit (0.87):
    - Reachability (~> 3.1.0)
  - MWPhotoBrowser (1.4.0):
    - DACircularProgress
    - MBProgressHUD (~> 0.8)
    - PSTCollectionView (~> 1.2)
    - SDWebImage (~> 3.5.4)
  - PSTCollectionView (1.2.3)
  - Reachability (3.1.1)
  - SBJson (3.2)
  - SDWebImage (3.5.4):
    - SDWebImage/Core
  - SDWebImage/Core (3.5.4)

DEPENDENCIES:
  - FMDB (~> 2.3)
  - MBProgressHUD (~> 0.8)
  - MKNetworkKit (~> 0.87)
  - MWPhotoBrowser (~> 1.4.0)
  - SBJson (~> 3.2)

SPEC CHECKSUMS:
  DACircularProgress: 3b41941891a56dc6aa17971f5322a9a38a6f446e
  FMDB: 31ec26773c7f7b7890a6038235a1f2bbd933a7cb
  MBProgressHUD: 2038dbcf3dce73215abed6001657043d53aa79a8
  MKNetworkKit: 83e6296a8d42e98a71880424a889773654846d74
  MWPhotoBrowser: 4efcdb9da34751f97992128a5356f3929d1af537
  PSTCollectionView: d9f466e4554cc83260ca9bde7beb27f308e8fd76
  Reachability: 8e9635e3cb4f98e7f825e51147f677ecc694d0e7
  SBJson: 72d7da8a5bf6c236e87194abb10ac573a8bccbef
  SDWebImage: 571295c8acbb699505a0f68e54506147c3de9ea7

COCOAPODS: 0.33.1
